{
  "version": "5",
  "specifiers": {
    "jsr:@supabase/supabase-js@2": "2.116.0"
  },
  "jsr": {
    "@supabase/supabase-js@2.116.0": {
      "integrity": "3005b560a70ba75504f9c11ec48cb05cec71d86d715a3c15be574394963270e0"
    }
  },
  "workspace": {
    "packageJson": {
      "dependencies": [
        "npm:@expo/vector-icons@^15.0.2",
        "npm:@react-native-async-storage/async-storage@2.2.0",
        "npm:@supabase/supabase-js@^2.116.0",
        "npm:@types/node@^26.5.1",
        "npm:@types/react@~19.2.2",
        "npm:expo-clipboard@~57.0.2",
        "npm:expo-constants@~57.0.18",
        "npm:expo-dev-client@~57.0.19",
        "npm:expo-font@~57.0.4",
        "npm:expo-image-picker@~57.0.17",
        "npm:expo-image@~57.0.5",
        "npm:expo-linking@~57.0.10",
        "npm:expo-location@~57.0.17",
        "npm:expo-router@~57.0.21",
        "npm:expo-secure-store@~57.0.4",
        "npm:expo-status-bar@~57.0.1",
        "npm:expo@~57.0.22",
        "npm:pg-query-emscripten@^5.1.0",
        "npm:react-native-maps@1.27.2",
        "npm:react-native-safe-area-context@5.7",
        "npm:react-native-screens@4.26",
        "npm:react-native@0.86.3",
        "npm:react@19.2.3",
        "npm:typescript@~6.0.3"
      ],
      "overrides": {
        "react-dom": "19.2.3"
      }
    }
  }
}
